
Microsoft Visual Studio Solution File, Format Version 12.00
# Visual Studio Version 16
VisualStudioVersion = 16.0.29721.120
MinimumVisualStudioVersion = 10.0.40219.1
Project("{FAE04EC0-301F-11D3-BF4B-00C04F79EFBC}") = "Non-file configuration providers", "Non-file configuration providers\Non-file configuration providers.csproj", "{5B3AC370-032B-4773-90D7-8528C5C25497}"
EndProject
Global
	GlobalSection(SolutionConfigurationPlatforms) = preSolution
		Debug|Any CPU = Debug|Any CPU
		Release|Any CPU = Release|Any CPU
	EndGlobalSection
	GlobalSection(ProjectConfigurationPlatforms) = postSolution
		{5B3AC370-032B-4773-90D7-8528C5C25497}.Debug|Any CPU.ActiveCfg = Debug|Any CPU
		{5B3AC370-032B-4773-90D7-8528C5C25497}.Debug|Any CPU.Build.0 = Debug|Any CPU
		{5B3AC370-032B-4773-90D7-8528C5C25497}.Release|Any CPU.ActiveCfg = Release|Any CPU
		{5B3AC370-032B-4773-90D7-8528C5C25497}.Release|Any CPU.Build.0 = Release|Any CPU
	EndGlobalSection
	GlobalSection(SolutionProperties) = preSolution
		HideSolutionNode = FALSE
	EndGlobalSection
	GlobalSection(ExtensibilityGlobals) = postSolution
		SolutionGuid = {0C094FAE-47B9-4A16-B0CF-FE976A863580}
	EndGlobalSection
EndGlobal
